// !$*UTF8*$!
{
	archiveVersion = 1;
	classes = {
	};
	objectVersion = 55;
	objects = {

/* Begin PBXBuildFile section */
		2B3C086927EF2BFA00ADABB8 /* Assets.xcassets in Resources */ = {isa = PBXBuildFile; fileRef = 2B3C085727EF2BFA00ADABB8 /* Assets.xcassets */; };
		2B3C086A27EF2BFA00ADABB8 /* Assets.xcassets in Resources */ = {isa = PBXBuildFile; fileRef = 2B3C085727EF2BFA00ADABB8 /* Assets.xcassets */; };
		2B3C087427EF2C8500ADABB8 /* AppleBox.docc in Sources */ = {isa = PBXBuildFile; fileRef = 2B3C087327EF2C8500ADABB8 /* AppleBox.docc */; };
		2B3C087527EF2C8500ADABB8 /* AppleBox.docc in Sources */ = {isa = PBXBuildFile; fileRef = 2B3C087327EF2C8500ADABB8 /* AppleBox.docc */; };
		2B3C087827EF448200ADABB8 /* main.swift in Sources */ = {isa = PBXBuildFile; fileRef = 2B3C087727EF448200ADABB8 /* main.swift */; };
		2B3C087927EF448200ADABB8 /* main.swift in Sources */ = {isa = PBXBuildFile; fileRef = 2B3C087727EF448200ADABB8 /* main.swift */; };
		2B3C087E27EFEBAB00ADABB8 /* LayoutOperator.swift in Sources */ = {isa = PBXBuildFile; fileRef = 2B3C087D27EFEBAB00ADABB8 /* LayoutOperator.swift */; };
		2B3C08BB27F0176900ADABB8 /* LayoutOperator+Location.swift in Sources */ = {isa = PBXBuildFile; fileRef = 2B3C08BA27F0176900ADABB8 /* LayoutOperator+Location.swift */; };
		2B3C08BD27F017FB00ADABB8 /* LayoutOperator+Size.swift in Sources */ = {isa = PBXBuildFile; fileRef = 2B3C08BC27F017FB00ADABB8 /* LayoutOperator+Size.swift */; };
/* End PBXBuildFile section */

/* Begin PBXFileReference section */
		2B3C085727EF2BFA00ADABB8 /* Assets.xcassets */ = {isa = PBXFileReference; lastKnownFileType = folder.assetcatalog; path = Assets.xcassets; sourceTree = "<group>"; };
		2B3C085C27EF2BFA00ADABB8 /* Welcome.app */ = {isa = PBXFileReference; explicitFileType = wrapper.application; includeInIndex = 0; path = Welcome.app; sourceTree = BUILT_PRODUCTS_DIR; };
		2B3C086227EF2BFA00ADABB8 /* Welcome.app */ = {isa = PBXFileReference; explicitFileType = wrapper.application; includeInIndex = 0; path = Welcome.app; sourceTree = BUILT_PRODUCTS_DIR; };
		2B3C086427EF2BFA00ADABB8 /* macOS.entitlements */ = {isa = PBXFileReference; lastKnownFileType = text.plist.entitlements; path = macOS.entitlements; sourceTree = "<group>"; };
		2B3C087327EF2C8500ADABB8 /* AppleBox.docc */ = {isa = PBXFileReference; lastKnownFileType = folder.documentationcatalog; path = AppleBox.docc; sourceTree = "<group>"; };
		2B3C087727EF448200ADABB8 /* main.swift */ = {isa = PBXFileReference; lastKnownFileType = sourcecode.swift; path = main.swift; sourceTree = "<group>"; };
		2B3C087D27EFEBAB00ADABB8 /* LayoutOperator.swift */ = {isa = PBXFileReference; lastKnownFileType = sourcecode.swift; path = LayoutOperator.swift; sourceTree = "<group>"; };
		2B3C08BA27F0176900ADABB8 /* LayoutOperator+Location.swift */ = {isa = PBXFileReference; lastKnownFileType = sourcecode.swift; path = "LayoutOperator+Location.swift"; sourceTree = "<group>"; };
		2B3C08BC27F017FB00ADABB8 /* LayoutOperator+Size.swift */ = {isa = PBXFileReference; lastKnownFileType = sourcecode.swift; path = "LayoutOperator+Size.swift"; sourceTree = "<group>"; };
/* End PBXFileReference section */

/* Begin PBXFrameworksBuildPhase section */
		2B3C085927EF2BFA00ADABB8 /* Frameworks */ = {
			isa = PBXFrameworksBuildPhase;
			buildActionMask = 2147483647;
			files = (
			);
			runOnlyForDeploymentPostprocessing = 0;
		};
		2B3C085F27EF2BFA00ADABB8 /* Frameworks */ = {
			isa = PBXFrameworksBuildPhase;
			buildActionMask = 2147483647;
			files = (
			);
			runOnlyForDeploymentPostprocessing = 0;
		};
/* End PBXFrameworksBuildPhase section */

/* Begin PBXGroup section */
		2B3C084F27EF2BF800ADABB8 = {
			isa = PBXGroup;
			children = (
				2B3C087327EF2C8500ADABB8 /* AppleBox.docc */,
				2B3C085427EF2BF900ADABB8 /* Shared */,
				2B3C086327EF2BFA00ADABB8 /* macOS */,
				2B3C087B27EFEB5400ADABB8 /* iOS */,
				2B3C085D27EF2BFA00ADABB8 /* Products */,
			);
			sourceTree = "<group>";
		};
		2B3C085427EF2BF900ADABB8 /* Shared */ = {
			isa = PBXGroup;
			children = (
				2B3C085727EF2BFA00ADABB8 /* Assets.xcassets */,
				2B3C087727EF448200ADABB8 /* main.swift */,
			);
			path = Shared;
			sourceTree = "<group>";
		};
		2B3C085D27EF2BFA00ADABB8 /* Products */ = {
			isa = PBXGroup;
			children = (
				2B3C085C27EF2BFA00ADABB8 /* Welcome.app */,
				2B3C086227EF2BFA00ADABB8 /* Welcome.app */,
			);
			name = Products;
			sourceTree = "<group>";
		};
		2B3C086327EF2BFA00ADABB8 /* macOS */ = {
			isa = PBXGroup;
			children = (
				2B3C086427EF2BFA00ADABB8 /* macOS.entitlements */,
			);
			path = macOS;
			sourceTree = "<group>";
		};
		2B3C087B27EFEB5400ADABB8 /* iOS */ = {
			isa = PBXGroup;
			children = (
				2B3C087C27EFEB8B00ADABB8 /* LayoutOperator */,
			);
			path = iOS;
			sourceTree = "<group>";
		};
		2B3C087C27EFEB8B00ADABB8 /* LayoutOperator */ = {
			isa = PBXGroup;
			children = (
				2B3C087D27EFEBAB00ADABB8 /* LayoutOperator.swift */,
				2B3C08BA27F0176900ADABB8 /* LayoutOperator+Location.swift */,
				2B3C08BC27F017FB00ADABB8 /* LayoutOperator+Size.swift */,
			);
			path = LayoutOperator;
			sourceTree = "<group>";
		};
/* End PBXGroup section */

/* Begin PBXNativeTarget section */
		2B3C085B27EF2BFA00ADABB8 /* Welcome (iOS) */ = {
			isa = PBXNativeTarget;
			buildConfigurationList = 2B3C086D27EF2BFA00ADABB8 /* Build configuration list for PBXNativeTarget "Welcome (iOS)" */;
			buildPhases = (
				2B3C085827EF2BFA00ADABB8 /* Sources */,
				2B3C085927EF2BFA00ADABB8 /* Frameworks */,
				2B3C085A27EF2BFA00ADABB8 /* Resources */,
			);
			buildRules = (
			);
			dependencies = (
			);
			name = "Welcome (iOS)";
			productName = "Welcome (iOS)";
			productReference = 2B3C085C27EF2BFA00ADABB8 /* Welcome.app */;
			productType = "com.apple.product-type.application";
		};
		2B3C086127EF2BFA00ADABB8 /* Welcome (macOS) */ = {
			isa = PBXNativeTarget;
			buildConfigurationList = 2B3C087027EF2BFA00ADABB8 /* Build configuration list for PBXNativeTarget "Welcome (macOS)" */;
			buildPhases = (
				2B3C085E27EF2BFA00ADABB8 /* Sources */,
				2B3C085F27EF2BFA00ADABB8 /* Frameworks */,
				2B3C086027EF2BFA00ADABB8 /* Resources */,
			);
			buildRules = (
			);
			dependencies = (
			);
			name = "Welcome (macOS)";
			productName = "Welcome (macOS)";
			productReference = 2B3C086227EF2BFA00ADABB8 /* Welcome.app */;
			productType = "com.apple.product-type.application";
		};
/* End PBXNativeTarget section */

/* Begin PBXProject section */
		2B3C085027EF2BF800ADABB8 /* Project object */ = {
			isa = PBXProject;
			attributes = {
				BuildIndependentTargetsInParallel = 1;
				LastSwiftUpdateCheck = 1330;
				LastUpgradeCheck = 1330;
				TargetAttributes = {
					2B3C085B27EF2BFA00ADABB8 = {
						CreatedOnToolsVersion = 13.3;
					};
					2B3C086127EF2BFA00ADABB8 = {
						CreatedOnToolsVersion = 13.3;
					};
				};
			};
			buildConfigurationList = 2B3C085327EF2BF800ADABB8 /* Build configuration list for PBXProject "Welcome" */;
			compatibilityVersion = "Xcode 13.0";
			developmentRegion = en;
			hasScannedForEncodings = 0;
			knownRegions = (
				en,
				Base,
			);
			mainGroup = 2B3C084F27EF2BF800ADABB8;
			packageReferences = (
			);
			productRefGroup = 2B3C085D27EF2BFA00ADABB8 /* Products */;
			projectDirPath = "";
			projectRoot = "";
			targets = (
				2B3C085B27EF2BFA00ADABB8 /* Welcome (iOS) */,
				2B3C086127EF2BFA00ADABB8 /* Welcome (macOS) */,
			);
		};
/* End PBXProject section */

/* Begin PBXResourcesBuildPhase section */
		2B3C085A27EF2BFA00ADABB8 /* Resources */ = {
			isa = PBXResourcesBuildPhase;
			buildActionMask = 2147483647;
			files = (
				2B3C086927EF2BFA00ADABB8 /* Assets.xcassets in Resources */,
			);
			runOnlyForDeploymentPostprocessing = 0;
		};
		2B3C086027EF2BFA00ADABB8 /* Resources */ = {
			isa = PBXResourcesBuildPhase;
			buildActionMask = 2147483647;
			files = (
				2B3C086A27EF2BFA00ADABB8 /* Assets.xcassets in Resources */,
			);
			runOnlyForDeploymentPostprocessing = 0;
		};
/* End PBXResourcesBuildPhase section */

/* Begin PBXSourcesBuildPhase section */
		2B3C085827EF2BFA00ADABB8 /* Sources */ = {
			isa = PBXSourcesBuildPhase;
			buildActionMask = 2147483647;
			files = (
				2B3C08BD27F017FB00ADABB8 /* LayoutOperator+Size.swift in Sources */,
				2B3C087827EF448200ADABB8 /* main.swift in Sources */,
				2B3C087E27EFEBAB00ADABB8 /* LayoutOperator.swift in Sources */,
				2B3C08BB27F0176900ADABB8 /* LayoutOperator+Location.swift in Sources */,
				2B3C087427EF2C8500ADABB8 /* AppleBox.docc in Sources */,
			);
			runOnlyForDeploymentPostprocessing = 0;
		};
		2B3C085E27EF2BFA00ADABB8 /* Sources */ = {
			isa = PBXSourcesBuildPhase;
			buildActionMask = 2147483647;
			files = (
				2B3C087927EF448200ADABB8 /* main.swift in Sources */,
				2B3C087527EF2C8500ADABB8 /* AppleBox.docc in Sources */,
			);
			runOnlyForDeploymentPostprocessing = 0;
		};
/* End PBXSourcesBuildPhase section */

/* Begin XCBuildConfiguration section */
		2B3C086B27EF2BFA00ADABB8 /* Debug */ = {
			isa = XCBuildConfiguration;
			buildSettings = {
				ALWAYS_SEARCH_USER_PATHS = NO;
				CLANG_ANALYZER_NONNULL = YES;
				CLANG_ANALYZER_NUMBER_OBJECT_CONVERSION = YES_AGGRESSIVE;
				CLANG_CXX_LANGUAGE_STANDARD = "gnu++17";
				CLANG_ENABLE_MODULES = YES;
				CLANG_ENABLE_OBJC_ARC = YES;
				CLANG_ENABLE_OBJC_WEAK = YES;
				CLANG_WARN_BLOCK_CAPTURE_AUTORELEASING = YES;
				CLANG_WARN_BOOL_CONVERSION = YES;
				CLANG_WARN_COMMA = YES;
				CLANG_WARN_CONSTANT_CONVERSION = YES;
				CLANG_WARN_DEPRECATED_OBJC_IMPLEMENTATIONS = YES;
				CLANG_WARN_DIRECT_OBJC_ISA_USAGE = YES_ERROR;
				CLANG_WARN_DOCUMENTATION_COMMENTS = YES;
				CLANG_WARN_EMPTY_BODY = YES;
				CLANG_WARN_ENUM_CONVERSION = YES;
				CLANG_WARN_INFINITE_RECURSION = YES;
				CLANG_WARN_INT_CONVERSION = YES;
				CLANG_WARN_NON_LITERAL_NULL_CONVERSION = YES;
				CLANG_WARN_OBJC_IMPLICIT_RETAIN_SELF = YES;
				CLANG_WARN_OBJC_LITERAL_CONVERSION = YES;
				CLANG_WARN_OBJC_ROOT_CLASS = YES_ERROR;
				CLANG_WARN_QUOTED_INCLUDE_IN_FRAMEWORK_HEADER = YES;
				CLANG_WARN_RANGE_LOOP_ANALYSIS = YES;
				CLANG_WARN_STRICT_PROTOTYPES = YES;
				CLANG_WARN_SUSPICIOUS_MOVE = YES;
				CLANG_WARN_UNGUARDED_AVAILABILITY = YES_AGGRESSIVE;
				CLANG_WARN_UNREACHABLE_CODE = YES;
				CLANG_WARN__DUPLICATE_METHOD_MATCH = YES;
				COPY_PHASE_STRIP = NO;
				DEBUG_INFORMATION_FORMAT = dwarf;
				ENABLE_STRICT_OBJC_MSGSEND = YES;
				ENABLE_TESTABILITY = YES;
				GCC_C_LANGUAGE_STANDARD = gnu11;
				GCC_DYNAMIC_NO_PIC = NO;
				GCC_NO_COMMON_BLOCKS = YES;
				GCC_OPTIMIZATION_LEVEL = 0;
				GCC_PREPROCESSOR_DEFINITIONS = (
					"DEBUG=1",
					"$(inherited)",
				);
				GCC_WARN_64_TO_32_BIT_CONVERSION = YES;
				GCC_WARN_ABOUT_RETURN_TYPE = YES_ERROR;
				GCC_WARN_UNDECLARED_SELECTOR = YES;
				GCC_WARN_UNINITIALIZED_AUTOS = YES_AGGRESSIVE;
				GCC_WARN_UNUSED_FUNCTION = YES;
				GCC_WARN_UNUSED_VARIABLE = YES;
				MTL_ENABLE_DEBUG_INFO = INCLUDE_SOURCE;
				MTL_FAST_MATH = YES;
				ONLY_ACTIVE_ARCH = YES;
				SWIFT_ACTIVE_COMPILATION_CONDITIONS = DEBUG;
				SWIFT_OPTIMIZATION_LEVEL = "-Onone";
			};
			name = Debug;
		};
		2B3C086C27EF2BFA00ADABB8 /* Release */ = {
			isa = XCBuildConfiguration;
			buildSettings = {
				ALWAYS_SEARCH_USER_PATHS = NO;
				CLANG_ANALYZER_NONNULL = YES;
				CLANG_ANALYZER_NUMBER_OBJECT_CONVERSION = YES_AGGRESSIVE;
				CLANG_CXX_LANGUAGE_STANDARD = "gnu++17";
				CLANG_ENABLE_MODULES = YES;
				CLANG_ENABLE_OBJC_ARC = YES;
				CLANG_ENABLE_OBJC_WEAK = YES;
				CLANG_WARN_BLOCK_CAPTURE_AUTORELEASING = YES;
				CLANG_WARN_BOOL_CONVERSION = YES;
				CLANG_WARN_COMMA = YES;
				CLANG_WARN_CONSTANT_CONVERSION = YES;
				CLANG_WARN_DEPRECATED_OBJC_IMPLEMENTATIONS = YES;
				CLANG_WARN_DIRECT_OBJC_ISA_USAGE = YES_ERROR;
				CLANG_WARN_DOCUMENTATION_COMMENTS = YES;
				CLANG_WARN_EMPTY_BODY = YES;
				CLANG_WARN_ENUM_CONVERSION = YES;
				CLANG_WARN_INFINITE_RECURSION = YES;
				CLANG_WARN_INT_CONVERSION = YES;
				CLANG_WARN_NON_LITERAL_NULL_CONVERSION = YES;
				CLANG_WARN_OBJC_IMPLICIT_RETAIN_SELF = YES;
				CLANG_WARN_OBJC_LITERAL_CONVERSION = YES;
				CLANG_WARN_OBJC_ROOT_CLASS = YES_ERROR;
				CLANG_WARN_QUOTED_INCLUDE_IN_FRAMEWORK_HEADER = YES;
				CLANG_WARN_RANGE_LOOP_ANALYSIS = YES;
				CLANG_WARN_STRICT_PROTOTYPES = YES;
				CLANG_WARN_SUSPICIOUS_MOVE = YES;
				CLANG_WARN_UNGUARDED_AVAILABILITY = YES_AGGRESSIVE;
				CLANG_WARN_UNREACHABLE_CODE = YES;
				CLANG_WARN__DUPLICATE_METHOD_MATCH = YES;
				COPY_PHASE_STRIP = NO;
				DEBUG_INFORMATION_FORMAT = "dwarf-with-dsym";
				ENABLE_NS_ASSERTIONS = NO;
				ENABLE_STRICT_OBJC_MSGSEND = YES;
				GCC_C_LANGUAGE_STANDARD = gnu11;
				GCC_NO_COMMON_BLOCKS = YES;
				GCC_WARN_64_TO_32_BIT_CONVERSION = YES;
				GCC_WARN_ABOUT_RETURN_TYPE = YES_ERROR;
				GCC_WARN_UNDECLARED_SELECTOR = YES;
				GCC_WARN_UNINITIALIZED_AUTOS = YES_AGGRESSIVE;
				GCC_WARN_UNUSED_FUNCTION = YES;
				GCC_WARN_UNUSED_VARIABLE = YES;
				MTL_ENABLE_DEBUG_INFO = NO;
				MTL_FAST_MATH = YES;
				SWIFT_COMPILATION_MODE = wholemodule;
				SWIFT_OPTIMIZATION_LEVEL = "-O";
			};
			name = Release;
		};
		2B3C086E27EF2BFA00ADABB8 /* Debug */ = {
			isa = XCBuildConfiguration;
			buildSettings = {
				ASSETCATALOG_COMPILER_APPICON_NAME = AppIcon;
				ASSETCATALOG_COMPILER_GLOBAL_ACCENT_COLOR_NAME = AccentColor;
				CODE_SIGN_STYLE = Automatic;
				CURRENT_PROJECT_VERSION = 1;
				DEVELOPMENT_TEAM = ZZM746LVXC;
				ENABLE_PREVIEWS = YES;
				GENERATE_INFOPLIST_FILE = YES;
				INFOPLIST_KEY_UIApplicationSceneManifest_Generation = YES;
				INFOPLIST_KEY_UIApplicationSupportsIndirectInputEvents = YES;
				INFOPLIST_KEY_UILaunchScreen_Generation = YES;
				INFOPLIST_KEY_UISupportedInterfaceOrientations_iPad = "UIInterfaceOrientationPortrait UIInterfaceOrientationPortraitUpsideDown UIInterfaceOrientationLandscapeLeft UIInterfaceOrientationLandscapeRight";
				INFOPLIST_KEY_UISupportedInterfaceOrientations_iPhone = "UIInterfaceOrientationPortrait UIInterfaceOrientationLandscapeLeft UIInterfaceOrientationLandscapeRight";
				IPHONEOS_DEPLOYMENT_TARGET = 15.4;
				LD_RUNPATH_SEARCH_PATHS = (
					"$(inherited)",
					"@executable_path/Frameworks",
				);
				MARKETING_VERSION = 1.0;
				PRODUCT_BUNDLE_IDENTIFIER = io.github.leonardolu.AppleBox;
				PRODUCT_NAME = Welcome;
				SDKROOT = iphoneos;
				SWIFT_EMIT_LOC_STRINGS = YES;
				SWIFT_VERSION = 5.0;
				TARGETED_DEVICE_FAMILY = "1,2";
			};
			name = Debug;
		};
		2B3C086F27EF2BFA00ADABB8 /* Release */ = {
			isa = XCBuildConfiguration;
			buildSettings = {
				ASSETCATALOG_COMPILER_APPICON_NAME = AppIcon;
				ASSETCATALOG_COMPILER_GLOBAL_ACCENT_COLOR_NAME = AccentColor;
				CODE_SIGN_STYLE = Automatic;
				CURRENT_PROJECT_VERSION = 1;
				DEVELOPMENT_TEAM = ZZM746LVXC;
				ENABLE_PREVIEWS = YES;
				GENERATE_INFOPLIST_FILE = YES;
				INFOPLIST_KEY_UIApplicationSceneManifest_Generation = YES;
				INFOPLIST_KEY_UIApplicationSupportsIndirectInputEvents = YES;
				INFOPLIST_KEY_UILaunchScreen_Generation = YES;
				INFOPLIST_KEY_UISupportedInterfaceOrientations_iPad = "UIInterfaceOrientationPortrait UIInterfaceOrientationPortraitUpsideDown UIInterfaceOrientationLandscapeLeft UIInterfaceOrientationLandscapeRight";
				INFOPLIST_KEY_UISupportedInterfaceOrientations_iPhone = "UIInterfaceOrientationPortrait UIInterfaceOrientationLandscapeLeft UIInterfaceOrientationLandscapeRight";
				IPHONEOS_DEPLOYMENT_TARGET = 15.4;
				LD_RUNPATH_SEARCH_PATHS = (
					"$(inherited)",
					"@executable_path/Frameworks",
				);
				MARKETING_VERSION = 1.0;
				PRODUCT_BUNDLE_IDENTIFIER = io.github.leonardolu.AppleBox;
				PRODUCT_NAME = Welcome;
				SDKROOT = iphoneos;
				SWIFT_EMIT_LOC_STRINGS = YES;
				SWIFT_VERSION = 5.0;
				TARGETED_DEVICE_FAMILY = "1,2";
				VALIDATE_PRODUCT = YES;
			};
			name = Release;
		};
		2B3C087127EF2BFA00ADABB8 /* Debug */ = {
			isa = XCBuildConfiguration;
			buildSettings = {
				ASSETCATALOG_COMPILER_APPICON_NAME = AppIcon;
				ASSETCATALOG_COMPILER_GLOBAL_ACCENT_COLOR_NAME = AccentColor;
				CODE_SIGN_ENTITLEMENTS = macOS/macOS.entitlements;
				CODE_SIGN_STYLE = Automatic;
				COMBINE_HIDPI_IMAGES = YES;
				CURRENT_PROJECT_VERSION = 1;
				DEVELOPMENT_TEAM = ZZM746LVXC;
				ENABLE_HARDENED_RUNTIME = YES;
				ENABLE_PREVIEWS = YES;
				GENERATE_INFOPLIST_FILE = YES;
				INFOPLIST_KEY_NSHumanReadableCopyright = "";
				LD_RUNPATH_SEARCH_PATHS = (
					"$(inherited)",
					"@executable_path/../Frameworks",
				);
				MACOSX_DEPLOYMENT_TARGET = 12.3;
				MARKETING_VERSION = 1.0;
				PRODUCT_BUNDLE_IDENTIFIER = io.github.leonardolu.AppleBox;
				PRODUCT_NAME = Welcome;
				SDKROOT = macosx;
				SWIFT_EMIT_LOC_STRINGS = YES;
				SWIFT_VERSION = 5.0;
			};
			name = Debug;
		};
		2B3C087227EF2BFA00ADABB8 /* Release */ = {
			isa = XCBuildConfiguration;
			buildSettings = {
				ASSETCATALOG_COMPILER_APPICON_NAME = AppIcon;
				ASSETCATALOG_COMPILER_GLOBAL_ACCENT_COLOR_NAME = AccentColor;
				CODE_SIGN_ENTITLEMENTS = macOS/macOS.entitlements;
				CODE_SIGN_STYLE = Automatic;
				COMBINE_HIDPI_IMAGES = YES;
				CURRENT_PROJECT_VERSION = 1;
				DEVELOPMENT_TEAM = ZZM746LVXC;
				ENABLE_HARDENED_RUNTIME = YES;
				ENABLE_PREVIEWS = YES;
				GENERATE_INFOPLIST_FILE = YES;
				INFOPLIST_KEY_NSHumanReadableCopyright = "";
				LD_RUNPATH_SEARCH_PATHS = (
					"$(inherited)",
					"@executable_path/../Frameworks",
				);
				MACOSX_DEPLOYMENT_TARGET = 12.3;
				MARKETING_VERSION = 1.0;
				PRODUCT_BUNDLE_IDENTIFIER = io.github.leonardolu.AppleBox;
				PRODUCT_NAME = Welcome;
				SDKROOT = macosx;
				SWIFT_EMIT_LOC_STRINGS = YES;
				SWIFT_VERSION = 5.0;
			};
			name = Release;
		};
/* End XCBuildConfiguration section */

/* Begin XCConfigurationList section */
		2B3C085327EF2BF800ADABB8 /* Build configuration list for PBXProject "Welcome" */ = {
			isa = XCConfigurationList;
			buildConfigurations = (
				2B3C086B27EF2BFA00ADABB8 /* Debug */,
				2B3C086C27EF2BFA00ADABB8 /* Release */,
			);
			defaultConfigurationIsVisible = 0;
			defaultConfigurationName = Release;
		};
		2B3C086D27EF2BFA00ADABB8 /* Build configuration list for PBXNativeTarget "Welcome (iOS)" */ = {
			isa = XCConfigurationList;
			buildConfigurations = (
				2B3C086E27EF2BFA00ADABB8 /* Debug */,
				2B3C086F27EF2BFA00ADABB8 /* Release */,
			);
			defaultConfigurationIsVisible = 0;
			defaultConfigurationName = Release;
		};
		2B3C087027EF2BFA00ADABB8 /* Build configuration list for PBXNativeTarget "Welcome (macOS)" */ = {
			isa = XCConfigurationList;
			buildConfigurations = (
				2B3C087127EF2BFA00ADABB8 /* Debug */,
				2B3C087227EF2BFA00ADABB8 /* Release */,
			);
			defaultConfigurationIsVisible = 0;
			defaultConfigurationName = Release;
		};
/* End XCConfigurationList section */
	};
	rootObject = 2B3C085027EF2BF800ADABB8 /* Project object */;
}
